
Microsoft Visual Studio Solution File, Format Version 12.00
# Visual Studio 14
VisualStudioVersion = 14.0.25420.1
MinimumVisualStudioVersion = 10.0.40219.1
Project("{FAE04EC0-301F-11D3-BF4B-00C04F79EFBC}") = "DesignPatterns", "DesignPatterns\DesignPatterns.csproj", "{6EEADFE1-E6A4-4931-BE7C-860E5EBC71FA}"
EndProject
Project("{2150E333-8FDC-42A3-9474-1A3956D46DE8}") = "CreationalDesignPattern", "CreationalDesignPattern", "{D750147A-ACBE-4C3E-963B-20E45515CAC0}"
EndProject
Project("{FAE04EC0-301F-11D3-BF4B-00C04F79EFBC}") = "FactoryPattern", "FactoryPattern\FactoryPattern.csproj", "{BBCB7AB2-C00A-4667-9479-98F809B12E4C}"
EndProject
Project("{FAE04EC0-301F-11D3-BF4B-00C04F79EFBC}") = "AbstractFactoryPattern", "AbstractFactoryPattern\AbstractFactoryPattern.csproj", "{C078FC5F-ABD6-4567-BEB1-2078FBEBD5CD}"
EndProject
Project("{FAE04EC0-301F-11D3-BF4B-00C04F79EFBC}") = "BuilderPattern", "BuilderPattern\BuilderPattern.csproj", "{EA7B5FC1-CA61-4E58-9E75-C66ED8681634}"
EndProject
Project("{FAE04EC0-301F-11D3-BF4B-00C04F79EFBC}") = "PrototypePattern", "PrototypePattern\PrototypePattern.csproj", "{9DA80812-A383-49E8-9091-73B083C9923B}"
EndProject
Project("{FAE04EC0-301F-11D3-BF4B-00C04F79EFBC}") = "SingletonPattern", "SingletonPattern\SingletonPattern.csproj", "{69FCF2DD-2A39-4FA9-BE51-45C3D9F365FC}"
EndProject
Project("{FAE04EC0-301F-11D3-BF4B-00C04F79EFBC}") = "AdapterPattern", "AdapterPattern\AdapterPattern.csproj", "{30D5C694-E07D-4914-A4A0-2F6A94582CA4}"
EndProject
Project("{2150E333-8FDC-42A3-9474-1A3956D46DE8}") = "StructuralDesignPattern", "StructuralDesignPattern", "{F821F4D7-AB1D-4589-921C-2CB7CFEDC4A9}"
EndProject
Project("{FAE04EC0-301F-11D3-BF4B-00C04F79EFBC}") = "BridgePattern", "BridgePattern\BridgePattern.csproj", "{A7FE2716-344E-43C6-8BC9-5626C0C6AED5}"
EndProject
Project("{FAE04EC0-301F-11D3-BF4B-00C04F79EFBC}") = "CompositePattern", "CompositePattern\CompositePattern.csproj", "{AA1F47A5-AAAA-4A18-8287-6573E612B130}"
EndProject
Project("{FAE04EC0-301F-11D3-BF4B-00C04F79EFBC}") = "DecoratorPattern", "DecoratorPattern\DecoratorPattern.csproj", "{51DFF926-01B3-4E56-9DAD-89DACBE88EDF}"
EndProject
Project("{FAE04EC0-301F-11D3-BF4B-00C04F79EFBC}") = "FacadePattern", "FacadePattern\FacadePattern.csproj", "{07DDE0CF-ADD2-462B-AEA2-9364445F0AB5}"
EndProject
Global
	GlobalSection(SolutionConfigurationPlatforms) = preSolution
		Debug|Any CPU = Debug|Any CPU
		Release|Any CPU = Release|Any CPU
	EndGlobalSection
	GlobalSection(ProjectConfigurationPlatforms) = postSolution
		{6EEADFE1-E6A4-4931-BE7C-860E5EBC71FA}.Debug|Any CPU.ActiveCfg = Debug|Any CPU
		{6EEADFE1-E6A4-4931-BE7C-860E5EBC71FA}.Debug|Any CPU.Build.0 = Debug|Any CPU
		{6EEADFE1-E6A4-4931-BE7C-860E5EBC71FA}.Release|Any CPU.ActiveCfg = Release|Any CPU
		{6EEADFE1-E6A4-4931-BE7C-860E5EBC71FA}.Release|Any CPU.Build.0 = Release|Any CPU
		{BBCB7AB2-C00A-4667-9479-98F809B12E4C}.Debug|Any CPU.ActiveCfg = Debug|Any CPU
		{BBCB7AB2-C00A-4667-9479-98F809B12E4C}.Debug|Any CPU.Build.0 = Debug|Any CPU
		{BBCB7AB2-C00A-4667-9479-98F809B12E4C}.Release|Any CPU.ActiveCfg = Release|Any CPU
		{BBCB7AB2-C00A-4667-9479-98F809B12E4C}.Release|Any CPU.Build.0 = Release|Any CPU
		{C078FC5F-ABD6-4567-BEB1-2078FBEBD5CD}.Debug|Any CPU.ActiveCfg = Debug|Any CPU
		{C078FC5F-ABD6-4567-BEB1-2078FBEBD5CD}.Debug|Any CPU.Build.0 = Debug|Any CPU
		{C078FC5F-ABD6-4567-BEB1-2078FBEBD5CD}.Release|Any CPU.ActiveCfg = Release|Any CPU
		{C078FC5F-ABD6-4567-BEB1-2078FBEBD5CD}.Release|Any CPU.Build.0 = Release|Any CPU
		{EA7B5FC1-CA61-4E58-9E75-C66ED8681634}.Debug|Any CPU.ActiveCfg = Debug|Any CPU
		{EA7B5FC1-CA61-4E58-9E75-C66ED8681634}.Debug|Any CPU.Build.0 = Debug|Any CPU
		{EA7B5FC1-CA61-4E58-9E75-C66ED8681634}.Release|Any CPU.ActiveCfg = Release|Any CPU
		{EA7B5FC1-CA61-4E58-9E75-C66ED8681634}.Release|Any CPU.Build.0 = Release|Any CPU
		{9DA80812-A383-49E8-9091-73B083C9923B}.Debug|Any CPU.ActiveCfg = Debug|Any CPU
		{9DA80812-A383-49E8-9091-73B083C9923B}.Debug|Any CPU.Build.0 = Debug|Any CPU
		{9DA80812-A383-49E8-9091-73B083C9923B}.Release|Any CPU.ActiveCfg = Release|Any CPU
		{9DA80812-A383-49E8-9091-73B083C9923B}.Release|Any CPU.Build.0 = Release|Any CPU
		{69FCF2DD-2A39-4FA9-BE51-45C3D9F365FC}.Debug|Any CPU.ActiveCfg = Debug|Any CPU
		{69FCF2DD-2A39-4FA9-BE51-45C3D9F365FC}.Debug|Any CPU.Build.0 = Debug|Any CPU
		{69FCF2DD-2A39-4FA9-BE51-45C3D9F365FC}.Release|Any CPU.ActiveCfg = Release|Any CPU
		{69FCF2DD-2A39-4FA9-BE51-45C3D9F365FC}.Release|Any CPU.Build.0 = Release|Any CPU
		{30D5C694-E07D-4914-A4A0-2F6A94582CA4}.Debug|Any CPU.ActiveCfg = Debug|Any CPU
		{30D5C694-E07D-4914-A4A0-2F6A94582CA4}.Debug|Any CPU.Build.0 = Debug|Any CPU
		{30D5C694-E07D-4914-A4A0-2F6A94582CA4}.Release|Any CPU.ActiveCfg = Release|Any CPU
		{30D5C694-E07D-4914-A4A0-2F6A94582CA4}.Release|Any CPU.Build.0 = Release|Any CPU
		{A7FE2716-344E-43C6-8BC9-5626C0C6AED5}.Debug|Any CPU.ActiveCfg = Debug|Any CPU
		{A7FE2716-344E-43C6-8BC9-5626C0C6AED5}.Debug|Any CPU.Build.0 = Debug|Any CPU
		{A7FE2716-344E-43C6-8BC9-5626C0C6AED5}.Release|Any CPU.ActiveCfg = Release|Any CPU
		{A7FE2716-344E-43C6-8BC9-5626C0C6AED5}.Release|Any CPU.Build.0 = Release|Any CPU
		{AA1F47A5-AAAA-4A18-8287-6573E612B130}.Debug|Any CPU.ActiveCfg = Debug|Any CPU
		{AA1F47A5-AAAA-4A18-8287-6573E612B130}.Debug|Any CPU.Build.0 = Debug|Any CPU
		{AA1F47A5-AAAA-4A18-8287-6573E612B130}.Release|Any CPU.ActiveCfg = Release|Any CPU
		{AA1F47A5-AAAA-4A18-8287-6573E612B130}.Release|Any CPU.Build.0 = Release|Any CPU
		{51DFF926-01B3-4E56-9DAD-89DACBE88EDF}.Debug|Any CPU.ActiveCfg = Debug|Any CPU
		{51DFF926-01B3-4E56-9DAD-89DACBE88EDF}.Debug|Any CPU.Build.0 = Debug|Any CPU
		{51DFF926-01B3-4E56-9DAD-89DACBE88EDF}.Release|Any CPU.ActiveCfg = Release|Any CPU
		{51DFF926-01B3-4E56-9DAD-89DACBE88EDF}.Release|Any CPU.Build.0 = Release|Any CPU
		{07DDE0CF-ADD2-462B-AEA2-9364445F0AB5}.Debug|Any CPU.ActiveCfg = Debug|Any CPU
		{07DDE0CF-ADD2-462B-AEA2-9364445F0AB5}.Debug|Any CPU.Build.0 = Debug|Any CPU
		{07DDE0CF-ADD2-462B-AEA2-9364445F0AB5}.Release|Any CPU.ActiveCfg = Release|Any CPU
		{07DDE0CF-ADD2-462B-AEA2-9364445F0AB5}.Release|Any CPU.Build.0 = Release|Any CPU
	EndGlobalSection
	GlobalSection(SolutionProperties) = preSolution
		HideSolutionNode = FALSE
	EndGlobalSection
	GlobalSection(NestedProjects) = preSolution
		{BBCB7AB2-C00A-4667-9479-98F809B12E4C} = {D750147A-ACBE-4C3E-963B-20E45515CAC0}
		{C078FC5F-ABD6-4567-BEB1-2078FBEBD5CD} = {D750147A-ACBE-4C3E-963B-20E45515CAC0}
		{EA7B5FC1-CA61-4E58-9E75-C66ED8681634} = {D750147A-ACBE-4C3E-963B-20E45515CAC0}
		{9DA80812-A383-49E8-9091-73B083C9923B} = {D750147A-ACBE-4C3E-963B-20E45515CAC0}
		{69FCF2DD-2A39-4FA9-BE51-45C3D9F365FC} = {D750147A-ACBE-4C3E-963B-20E45515CAC0}
		{30D5C694-E07D-4914-A4A0-2F6A94582CA4} = {F821F4D7-AB1D-4589-921C-2CB7CFEDC4A9}
		{A7FE2716-344E-43C6-8BC9-5626C0C6AED5} = {F821F4D7-AB1D-4589-921C-2CB7CFEDC4A9}
		{AA1F47A5-AAAA-4A18-8287-6573E612B130} = {F821F4D7-AB1D-4589-921C-2CB7CFEDC4A9}
		{51DFF926-01B3-4E56-9DAD-89DACBE88EDF} = {F821F4D7-AB1D-4589-921C-2CB7CFEDC4A9}
		{07DDE0CF-ADD2-462B-AEA2-9364445F0AB5} = {F821F4D7-AB1D-4589-921C-2CB7CFEDC4A9}
	EndGlobalSection
	GlobalSection(ExtensibilityGlobals) = postSolution
		SolutionGuid = {79709C53-2519-467E-91A5-D46D048BE3E7}
	EndGlobalSection
EndGlobal
